{
  "version": 2,
  "dependencies": {
    "net10.0": {
      "Asp.Versioning.Mvc.ApiExplorer": {
        "type": "Direct",
        "requested": "[10.0.0, )",
        "resolved": "10.0.0",
        "contentHash": "H54UOpRoc4RmhQ4RA2lzDz43a/hAu/JN19Yyy/DNmH4XlRxhemfhifJyh9BaXNJOtGa2Dnu2xEeP4VSiTdUdAg==",
        "dependencies": {
          "Asp.Versioning.Mvc": "10.0.0"
        }
      },
      "Be.Vlaanderen.Basisregisters.AspNetCore.Mvc.Formatters.Json": {
        "type": "Direct",
        "requested": "[7.0.0, )",
        "resolved": "7.0.0",
        "contentHash": "WJj/2JZHRy1yvFM3ti3GExrx1nYLQ+qukPi4j/r8ptlMSxY+eI6ZzCPSf6KZS4EF/KajodvPR3i4t4Px6GE5wQ==",
        "dependencies": {
          "Be.Vlaanderen.Basisregisters.Converters.TrimString": "5.1.0",
          "Be.Vlaanderen.Basisregisters.Utilities.Rfc3339DateTimeOffset": "5.1.0",
          "Newtonsoft.Json": "13.0.4",
          "NodaTime.Serialization.JsonNet": "3.2.1"
        }
      },
      "Microsoft.AspNetCore.Mvc.NewtonsoftJson": {
        "type": "Direct",
        "requested": "[10.0.8, )",
        "resolved": "10.0.8",
        "contentHash": "LAZmDrEsExc11l7nyQ+efQHTKp4MOskAuPSgkW64LoxrJv2YnElc4IM1VGfIHNRspqVguO5TY5kz2YTRcNSHeQ==",
        "dependencies": {
          "Microsoft.AspNetCore.JsonPatch": "10.0.8",
          "Newtonsoft.Json": "13.0.3",
          "Newtonsoft.Json.Bson": "1.0.2"
        }
      },
      "Microsoft.Extensions.Logging.Console": {
        "type": "Direct",
        "requested": "[10.0.8, )",
        "resolved": "10.0.8",
        "contentHash": "6cv53sHsPnFS56PJw8X4GbNcjeX1KGyFJRxJWvxOgK63cnqeSB1k1eRwjUdkse0tBhwlH6qc9EOYDlan+CYTuw=="
      },
      "Swashbuckle.AspNetCore.Filters": {
        "type": "Direct",
        "requested": "[10.0.1, )",
        "resolved": "10.0.1",
        "contentHash": "Bbmg6UelUTrCHmheejcuiGyYrJ+mO5GyV4pG7ZEhrX9P+gc0UppUQTVb+6HyEBsFsXDrBWvOXp/oqnTTz8wCEA==",
        "dependencies": {
          "Scrutor": "3.3.0",
          "Swashbuckle.AspNetCore.Filters.Abstractions": "10.0.1",
          "Swashbuckle.AspNetCore.SwaggerGen": "10.0.0"
        }
      },
      "Asp.Versioning.Abstractions": {
        "type": "Transitive",
        "resolved": "10.0.0",
        "contentHash": "cMRE5nvNMfBgfkb0XFWst/7UtyXCjoAXnV0L4Scx4P9fcf0idgrj1Z0c+3ylsy01K4cOib7dKhCBfpg5z3r0Kg=="
      },
      "Asp.Versioning.Http": {
        "type": "Transitive",
        "resolved": "10.0.0",
        "contentHash": "xmNm9FM2d20NKy7i1osEQysf7pJ4iJjWnM6e8CoeIhUREqG8nugsfC82pGpmzlatjAJL5T52ieSpyW+GFdSsSQ==",
        "dependencies": {
          "Asp.Versioning.Abstractions": "10.0.0"
        }
      },
      "Asp.Versioning.Mvc": {
        "type": "Transitive",
        "resolved": "10.0.0",
        "contentHash": "W0wZ+0uZ0UK4KstjvEkNBZ0xxhBmxunwNg8582SVyyW7txQmSXibtm8fC4o82LaemPquYskms67bIbJOSrnlug==",
        "dependencies": {
          "Asp.Versioning.Http": "10.0.0"
        }
      },
      "Be.Vlaanderen.Basisregisters.Converters.TrimString": {
        "type": "Transitive",
        "resolved": "5.1.0",
        "contentHash": "wqxONDr0cPep5v+bS+Is8Xl7BzDxZ2mvm0CfWSN+dC7adndzieFepWIfyGyVrSpIfrvCvMx7YPbRQtT1xhHnMQ==",
        "dependencies": {
          "Newtonsoft.Json": "13.0.4"
        }
      },
      "Be.Vlaanderen.Basisregisters.Utilities.Rfc3339DateTimeOffset": {
        "type": "Transitive",
        "resolved": "5.1.0",
        "contentHash": "cvaIm1DzRkV1mB8ZambUqqNXIOG83bzCGa7PD0nsqLcEXqxDpI1NSk9QeCuC+sO7PM4SQze4oyJkty68jwbJfQ==",
        "dependencies": {
          "Newtonsoft.Json": "13.0.4"
        }
      },
      "Fluid.Core": {
        "type": "Transitive",
        "resolved": "2.30.0",
        "contentHash": "3G7N1gzSl7RBRAaSU4vSKWT9OjybTqiW2+SLOVFpngAFtyqNnVqu4nZvsh8cMHcTlFQSbjTSOCdKgbSBdE9Fsg==",
        "dependencies": {
          "Parlot": "1.4.0",
          "TimeZoneConverter": "7.0.0"
        }
      },
      "Microsoft.AspNetCore.JsonPatch": {
        "type": "Transitive",
        "resolved": "10.0.8",
        "contentHash": "xGMQwR06DxQSpSUdYvUPLQkjcQUAXnFIUbNoafAcLvUXDnmKNEuddxKvrGoWDT7svt90wWet2Xve5uacO/pVtw==",
        "dependencies": {
          "Newtonsoft.Json": "13.0.3"
        }
      },
      "Microsoft.Extensions.ApiDescription.Server": {
        "type": "Transitive",
        "resolved": "10.0.0",
        "contentHash": "NCWCGiwRwje8773yzPQhvucYnnfeR+ZoB1VRIrIMp4uaeUNw7jvEPHij3HIbwCDuNCrNcphA00KSAR9yD9qmbg=="
      },
      "Microsoft.Extensions.DependencyModel": {
        "type": "Transitive",
        "resolved": "3.1.6",
        "contentHash": "/UlDKULIVkLQYn1BaHcy/rc91ApDxJb7T75HcCbGdqwvxhnRQRKM2di1E70iCPMF9zsr6f4EgQTotBGxFIfXmw=="
      },
      "Microsoft.OpenApi": {
        "type": "Transitive",
        "resolved": "2.7.5",
        "contentHash": "0FA67RSnRM4tcBKqiqVu/HPdZ9+QOKbmeRjxRUGTCjPU4C0bmUhd97Dso7Yild5P7nOV6GxJ2xrK0Kv/O9xp0w=="
      },
      "Namotion.Reflection": {
        "type": "Transitive",
        "resolved": "3.5.0",
        "contentHash": "FnASiAaTGSmB4SaSroIwnK4ph9noFIXZpPOMezDqWw5S/TNakzSnawPeM7u0Auq1/EqJXeqG4s6UjfrGBH33Ow=="
      },
      "Newtonsoft.Json.Bson": {
        "type": "Transitive",
        "resolved": "1.0.2",
        "contentHash": "QYFyxhaABwmq3p/21VrZNYvCg3DaEoN/wUuw5nmfAf0X3HLjgupwhkEWdgfb9nvGAUIv3osmZoD3kKl4jxEmYQ==",
        "dependencies": {
          "Newtonsoft.Json": "12.0.1"
        }
      },
      "NJsonSchema.Annotations": {
        "type": "Transitive",
        "resolved": "11.6.1",
        "contentHash": "WA4z8iK+0SOh2/qoo7rtEanj/LjJZ8oWWoXI8u1xcYMk6VzHONqpabJBYGrzqDO41ld+VQHOFL+B8MXncIVSSA=="
      },
      "NJsonSchema.CodeGeneration": {
        "type": "Transitive",
        "resolved": "11.6.1",
        "contentHash": "bRuYinpO1pYuxU0qolTm4wN4OHlB5AevGN97wJ7a+YAp/3i2UFZ9Qwvw1m4R4w6G8DfXc3Bquf5N9gpDQxZheA==",
        "dependencies": {
          "Fluid.Core": "2.30.0",
          "NJsonSchema": "11.6.1"
        }
      },
      "NodaTime": {
        "type": "Transitive",
        "resolved": "3.0.0",
        "contentHash": "ZauY6Ihs+abkPCpgIafCj92sl+cDqFbvwrJj9Ga0dteWIYg+A5FeoteBzgzez/cyBeukl2kbDTt4qtpTbHvqOw=="
      },
      "NodaTime.Serialization.JsonNet": {
        "type": "Transitive",
        "resolved": "3.2.1",
        "contentHash": "/8eeaH/LNIcpIEiBTg/0M/hwsMis0cKVWPyLYnQhXrH2k+9zNrnsOin9Vym6OclSGGndOnNNa6EHUln4S70HKg==",
        "dependencies": {
          "Newtonsoft.Json": "13.0.3",
          "NodaTime": "[3.0.0, 4.0.0)"
        }
      },
      "NSwag.CodeGeneration": {
        "type": "Transitive",
        "resolved": "14.7.1",
        "contentHash": "jWcTfJ03EiEHZ1rYbCAZqYoBMGVJ6X23ovQsfqom5aAHpHUVVQ7QvVUGJkiJxiHHFkp9ScNzBEIsEVLu9eDRqQ==",
        "dependencies": {
          "NJsonSchema": "11.6.1",
          "NJsonSchema.CodeGeneration": "11.6.1",
          "NSwag.Core": "14.7.1",
          "Namotion.Reflection": "3.5.0",
          "Newtonsoft.Json": "13.0.3"
        }
      },
      "NSwag.Core": {
        "type": "Transitive",
        "resolved": "14.7.1",
        "contentHash": "iwwAeMZ3kugAKCokuOdHzKK/OHdp19vUP/B32CJO10HHzVgC+O4M7HXtHuDf9tloC3OEJ2wkUV4/cYrX4Mr98g==",
        "dependencies": {
          "NJsonSchema": "11.6.1",
          "Namotion.Reflection": "3.5.0",
          "Newtonsoft.Json": "13.0.3"
        }
      },
      "Parlot": {
        "type": "Transitive",
        "resolved": "1.4.0",
        "contentHash": "oMftmeCsDPXbBgYQsVG4yuedvTVwSkZZHkKH1F4CpBkS9O99GrAV2sA8t7cC5CoVFPprmAFZThJMXjwu3ybgNg=="
      },
      "Scrutor": {
        "type": "Transitive",
        "resolved": "3.3.0",
        "contentHash": "BwqCnFzp2/Z+pq17iztxlIkR/ZANyPRR4PdE57WL1w/JW4AM/2imoxBWTL3+G+YXA46ce4s9OUgwWqTXYrtI8A==",
        "dependencies": {
          "Microsoft.Extensions.DependencyModel": "3.1.6"
        }
      },
      "Swashbuckle.AspNetCore.Filters.Abstractions": {
        "type": "Transitive",
        "resolved": "10.0.1",
        "contentHash": "YTOZBnL/STbpkSGldDnvhtW0ci4h3deRXn7zfhN3dA+Xck/jdteIGxthiRfnEfNtTICPkBxRRzd9U6KKSPmNpA==",
        "dependencies": {
          "Swashbuckle.AspNetCore.SwaggerGen": "10.0.0"
        }
      },
      "TimeZoneConverter": {
        "type": "Transitive",
        "resolved": "7.0.0",
        "contentHash": "sFbY65N/5GdsHx7nkdHFHUG+5Ar4W0w6Aks7Y2X+Q4NOTw6XyX2Il7jm+4tPkc//4mA3nG0RdxI8gKgoJitdLw=="
      },
      "be.vlaanderen.basisregisters.aspnetcore.swagger": {
        "type": "Project",
        "dependencies": {
          "Asp.Versioning.Mvc.ApiExplorer": "[10.0.0, )",
          "Swashbuckle.AspNetCore": "[10.2.3, )",
          "Swashbuckle.AspNetCore.Annotations": "[10.2.3, )",
          "Swashbuckle.AspNetCore.Filters": "[10.0.1, )",
          "Swashbuckle.AspNetCore.Newtonsoft": "[10.2.3, )",
          "Swashbuckle.AspNetCore.Swagger": "[10.2.3, )",
          "Swashbuckle.AspNetCore.SwaggerGen": "[10.2.3, )",
          "Swashbuckle.AspNetCore.SwaggerUI": "[10.2.3, )"
        }
      },
      "be.vlaanderen.basisregisters.aspnetcore.swagger.redoc": {
        "type": "Project",
        "dependencies": {
          "Asp.Versioning.Mvc.ApiExplorer": "[10.0.0, )",
          "Be.Vlaanderen.Basisregisters.AspNetCore.Swagger": "[1.0.0, )",
          "Microsoft.Extensions.FileProviders.Embedded": "[10.0.8, )",
          "NJsonSchema.CodeGeneration.CSharp": "[11.6.1, )",
          "NJsonSchema.CodeGeneration.TypeScript": "[11.6.1, )",
          "NSwag.CodeGeneration.CSharp": "[14.7.1, )",
          "NSwag.CodeGeneration.TypeScript": "[14.7.1, )",
          "Newtonsoft.Json": "[13.0.4, )",
          "Swashbuckle.AspNetCore": "[10.2.3, )"
        }
      },
      "Microsoft.Extensions.FileProviders.Embedded": {
        "type": "CentralTransitive",
        "requested": "[10.0.8, )",
        "resolved": "10.0.8",
        "contentHash": "Wv9s0rmrmUEma268HCqqcHGgJI30O9mqMxnORZ/QFxtbjoTFEuMvnqL2kIfbZcOGD6XF6II47Hc6YSff0jKGkw=="
      },
      "Newtonsoft.Json": {
        "type": "CentralTransitive",
        "requested": "[13.0.4, )",
        "resolved": "13.0.4",
        "contentHash": "pdgNNMai3zv51W5aq268sujXUyx7SNdE2bj1wZcWjAQrKMFZV260lbqYop1d2GM67JI1huLRwxo9ZqnfF/lC6A=="
      },
      "NJsonSchema": {
        "type": "CentralTransitive",
        "requested": "[11.6.1, )",
        "resolved": "11.6.1",
        "contentHash": "miqvNY4OSXCWVqaMqt0A8VUkij0UH1oPosHMLP+t6/nWNSSzWDPmm7G2DjVW7M9evy0x5DE2pS/DDTtKCpbzSQ==",
        "dependencies": {
          "NJsonSchema.Annotations": "11.6.1",
          "Namotion.Reflection": "3.5.0",
          "Newtonsoft.Json": "13.0.3"
        }
      },
      "NJsonSchema.CodeGeneration.CSharp": {
        "type": "CentralTransitive",
        "requested": "[11.6.1, )",
        "resolved": "11.6.1",
        "contentHash": "H/cZe2StPdKCnjETVQqAKNCNwOsHLxKvAHio8dDMUA3VbDeddgxf+inPI04i4dt5gm6DXv5Tt9s2j2AQJnbLjA==",
        "dependencies": {
          "NJsonSchema.CodeGeneration": "11.6.1"
        }
      },
      "NJsonSchema.CodeGeneration.TypeScript": {
        "type": "CentralTransitive",
        "requested": "[11.6.1, )",
        "resolved": "11.6.1",
        "contentHash": "ecK4MbiRjhrFNm3R0VAgL5I3hLboxxa1ST4guBJewlqb2UtdpBfN5lW7cuv6Ogz+vr4byu+I8NIc67KoO1Akew==",
        "dependencies": {
          "NJsonSchema.CodeGeneration": "11.6.1"
        }
      },
      "NSwag.CodeGeneration.CSharp": {
        "type": "CentralTransitive",
        "requested": "[14.7.1, )",
        "resolved": "14.7.1",
        "contentHash": "wAaTTrvbh3FDRtPR1lFpFsj2pra/BBIrqENVjSkup9lr2KrHGuqlf9zSFCoUKyKGAHFn89D5bBj3QpMKvMUCJw==",
        "dependencies": {
          "NJsonSchema": "11.6.1",
          "NJsonSchema.CodeGeneration": "11.6.1",
          "NJsonSchema.CodeGeneration.CSharp": "11.6.1",
          "NSwag.CodeGeneration": "14.7.1",
          "Namotion.Reflection": "3.5.0",
          "Newtonsoft.Json": "13.0.3"
        }
      },
      "NSwag.CodeGeneration.TypeScript": {
        "type": "CentralTransitive",
        "requested": "[14.7.1, )",
        "resolved": "14.7.1",
        "contentHash": "x87HQrfj5gm7UDsmOQVfW4dBXUWbCUrlt+QJhRBsuTuLkIIH0DZraauId70/07zRlJK5VHAwPND19Emi/SyU0Q==",
        "dependencies": {
          "NJsonSchema": "11.6.1",
          "NJsonSchema.CodeGeneration": "11.6.1",
          "NJsonSchema.CodeGeneration.TypeScript": "11.6.1",
          "NSwag.CodeGeneration": "14.7.1",
          "Namotion.Reflection": "3.5.0",
          "Newtonsoft.Json": "13.0.3"
        }
      },
      "Swashbuckle.AspNetCore": {
        "type": "CentralTransitive",
        "requested": "[10.2.3, )",
        "resolved": "10.2.3",
        "contentHash": "8KNh1RWvofdU6DVLyBs4Z/OpUMnmf8oNvJQc0QxpwySRbi42bwLfdVMMrXZWANg5U5KQGQq1xW6r/hlcqw99tQ==",
        "dependencies": {
          "Microsoft.Extensions.ApiDescription.Server": "10.0.0",
          "Swashbuckle.AspNetCore.Swagger": "10.2.3",
          "Swashbuckle.AspNetCore.SwaggerGen": "10.2.3",
          "Swashbuckle.AspNetCore.SwaggerUI": "10.2.3"
        }
      },
      "Swashbuckle.AspNetCore.Annotations": {
        "type": "CentralTransitive",
        "requested": "[10.2.3, )",
        "resolved": "10.2.3",
        "contentHash": "plbv/9BrcOQfCop5avxdMzp9Qw3jRPdCDaCkwIAYmEcjPUhNwUKqIYBPcXfAU4Jw5gVGj1bKTUuwYx9M43hPPg==",
        "dependencies": {
          "Swashbuckle.AspNetCore.SwaggerGen": "10.2.3"
        }
      },
      "Swashbuckle.AspNetCore.Newtonsoft": {
        "type": "CentralTransitive",
        "requested": "[10.2.3, )",
        "resolved": "10.2.3",
        "contentHash": "J8pjzdBaR8EaxuxmTDROTAlJpvjM6i5RnsWRXYCid75DbIms03g+u9BKDs5GjbseCtFYCGy24/L+GL/hdBuccQ==",
        "dependencies": {
          "Microsoft.AspNetCore.Mvc.NewtonsoftJson": "10.0.0",
          "Swashbuckle.AspNetCore.SwaggerGen": "10.2.3"
        }
      },
      "Swashbuckle.AspNetCore.Swagger": {
        "type": "CentralTransitive",
        "requested": "[10.2.3, )",
        "resolved": "10.2.3",
        "contentHash": "1jUUs3WQnrS0FUtaZPLSy1yYMEwS1zlvDmvQ2/eldPHUANX0LJSLVZecCMgSMdeGiRqeaRrIXLtSz++TCiTMww==",
        "dependencies": {
          "Microsoft.OpenApi": "2.7.5"
        }
      },
      "Swashbuckle.AspNetCore.SwaggerGen": {
        "type": "CentralTransitive",
        "requested": "[10.2.3, )",
        "resolved": "10.2.3",
        "contentHash": "y7t4coDRAeFYChmvlMRiH2OjbiRrm9AVIDgt17fQfs3x9PVAI5PiwWYOhg+4F13R4Q36WDc9lqfoOnNa3tNbGg==",
        "dependencies": {
          "Swashbuckle.AspNetCore.Swagger": "10.2.3"
        }
      },
      "Swashbuckle.AspNetCore.SwaggerUI": {
        "type": "CentralTransitive",
        "requested": "[10.2.3, )",
        "resolved": "10.2.3",
        "contentHash": "nthWONRs/FJ4yyG206g1cC52WEG8EqrjuMWjGdR+5XG7lbjFto6NqcI9EMICgVFom/UivIjUVwI76ZHbHwTPfQ=="
      }
    },
    "net10.0/linux-arm64": {},
    "net10.0/linux-x64": {},
    "net10.0/win-x64": {}
  }
}